
Microsoft Visual Studio Solution File, Format Version 12.00
# Visual Studio Version 17
VisualStudioVersion = 17.8.34309.116
MinimumVisualStudioVersion = 10.0.40219.1
Project("{FAE04EC0-301F-11D3-BF4B-00C04F79EFBC}") = "Interpreter", "Interpreter\Interpreter.csproj", "{66AE36D1-9099-4596-83B5-947AE30CFFA3}"
EndProject
Global
	GlobalSection(SolutionConfigurationPlatforms) = preSolution
		Debug|Any CPU = Debug|Any CPU
		Release|Any CPU = Release|Any CPU
	EndGlobalSection
	GlobalSection(ProjectConfigurationPlatforms) = postSolution
		{66AE36D1-9099-4596-83B5-947AE30CFFA3}.Debug|Any CPU.ActiveCfg = Debug|Any CPU
		{66AE36D1-9099-4596-83B5-947AE30CFFA3}.Debug|Any CPU.Build.0 = Debug|Any CPU
		{66AE36D1-9099-4596-83B5-947AE30CFFA3}.Release|Any CPU.ActiveCfg = Release|Any CPU
		{66AE36D1-9099-4596-83B5-947AE30CFFA3}.Release|Any CPU.Build.0 = Release|Any CPU
	EndGlobalSection
	GlobalSection(SolutionProperties) = preSolution
		HideSolutionNode = FALSE
	EndGlobalSection
	GlobalSection(ExtensibilityGlobals) = postSolution
		SolutionGuid = {8D6ADFF1-3C10-4555-A608-5E09C2FF041F}
	EndGlobalSection
EndGlobal
